
Microsoft Visual Studio Solution File, Format Version 12.00
# Visual Studio Version 17
VisualStudioVersion = 17.2.32519.379
MinimumVisualStudioVersion = 10.0.40219.1
Project("{9A19103F-16F7-4668-BE54-9A1E7A4F7556}") = "OptimizeMePlease", "OptimizeMePlease.csproj", "{1F1A9B63-6941-4140-9215-EC6B1AA62470}"
EndProject
Global
	GlobalSection(SolutionConfigurationPlatforms) = preSolution
		Debug|Any CPU = Debug|Any CPU
		Release|Any CPU = Release|Any CPU
	EndGlobalSection
	GlobalSection(ProjectConfigurationPlatforms) = postSolution
		{1F1A9B63-6941-4140-9215-EC6B1AA62470}.Debug|Any CPU.ActiveCfg = Debug|Any CPU
		{1F1A9B63-6941-4140-9215-EC6B1AA62470}.Debug|Any CPU.Build.0 = Debug|Any CPU
		{1F1A9B63-6941-4140-9215-EC6B1AA62470}.Release|Any CPU.ActiveCfg = Release|Any CPU
		{1F1A9B63-6941-4140-9215-EC6B1AA62470}.Release|Any CPU.Build.0 = Release|Any CPU
	EndGlobalSection
	GlobalSection(SolutionProperties) = preSolution
		HideSolutionNode = FALSE
	EndGlobalSection
	GlobalSection(ExtensibilityGlobals) = postSolution
		SolutionGuid = {3C971B94-CD6E-4E63-9CFC-FB9C3E0DF762}
	EndGlobalSection
EndGlobal
