
Microsoft Visual Studio Solution File, Format Version 12.00
# Visual Studio Version 16
VisualStudioVersion = 16.0.30114.105
MinimumVisualStudioVersion = 10.0.40219.1
Project("{FAE04EC0-301F-11D3-BF4B-00C04F79EFBC}") = "OptimizeMePlease", "OptimizeMePlease.csproj", "{BD7CFAC4-DEF7-4A49-BA9A-39D891961236}"
EndProject
Global
	GlobalSection(SolutionConfigurationPlatforms) = preSolution
		Debug|Any CPU = Debug|Any CPU
		Release|Any CPU = Release|Any CPU
	EndGlobalSection
	GlobalSection(SolutionProperties) = preSolution
		HideSolutionNode = FALSE
	EndGlobalSection
	GlobalSection(ProjectConfigurationPlatforms) = postSolution
		{BD7CFAC4-DEF7-4A49-BA9A-39D891961236}.Debug|Any CPU.ActiveCfg = Debug|Any CPU
		{BD7CFAC4-DEF7-4A49-BA9A-39D891961236}.Debug|Any CPU.Build.0 = Debug|Any CPU
		{BD7CFAC4-DEF7-4A49-BA9A-39D891961236}.Release|Any CPU.ActiveCfg = Release|Any CPU
		{BD7CFAC4-DEF7-4A49-BA9A-39D891961236}.Release|Any CPU.Build.0 = Release|Any CPU
	EndGlobalSection
EndGlobal
